# THIS IS AN AUTOGENERATED FILE. DO NOT EDIT THIS FILE DIRECTLY.
# yarn lockfile v1


"@octokit/auth-token@^2.4.4":
  version "2.4.5"
  resolved "https://registry.yarnpkg.com/@octokit/auth-token/-/auth-token-2.4.5.tgz#568ccfb8cb46f36441fac094ce34f7a875b197f3"
  integrity sha512-BpGYsPgJt05M7/L/5FoE1PiAbdxXFZkX/3kDYcsvd1v6UhlnE5e96dTDr0ezX/EFwciQxf3cNV0loipsURU+WA==
  dependencies:
    "@octokit/types" "^6.0.3"

"@octokit/core@^3.2.3":
  version "3.2.5"
  resolved "https://registry.yarnpkg.com/@octokit/core/-/core-3.2.5.tgz#57becbd5fd789b0592b915840855f3a5f233d554"
  integrity sha512-+DCtPykGnvXKWWQI0E1XD+CCeWSBhB6kwItXqfFmNBlIlhczuDPbg+P6BtLnVBaRJDAjv+1mrUJuRsFSjktopg==
  dependencies:
    "@octokit/auth-token" "^2.4.4"
    "@octokit/graphql" "^4.5.8"
    "@octokit/request" "^5.4.12"
    "@octokit/types" "^6.0.3"
    before-after-hook "^2.1.0"
    universal-user-agent "^6.0.0"

"@octokit/endpoint@^6.0.1":
  version "6.0.8"
  resolved "https://registry.yarnpkg.com/@octokit/endpoint/-/endpoint-6.0.8.tgz#91b07e236fdb69929c678c6439f7a560dc6058ac"
  integrity sha512-MuRrgv+bM4Q+e9uEvxAB/Kf+Sj0O2JAOBA131uo1o6lgdq1iS8ejKwtqHgdfY91V3rN9R/hdGKFiQYMzVzVBEQ==
  dependencies:
    "@octokit/types" "^5.0.0"
    is-plain-object "^5.0.0"
    universal-user-agent "^6.0.0"

"@octokit/graphql@^4.5.8":
  version "4.6.0"
  resolved "https://registry.yarnpkg.com/@octokit/graphql/-/graphql-4.6.0.tgz#f9abca55f82183964a33439d5264674c701c3327"
  integrity sha512-CJ6n7izLFXLvPZaWzCQDjU/RP+vHiZmWdOunaCS87v+2jxMsW9FB5ktfIxybRBxZjxuJGRnxk7xJecWTVxFUYQ==
  dependencies:
    "@octokit/request" "^5.3.0"
    "@octokit/types" "^6.0.3"
    universal-user-agent "^6.0.0"

"@octokit/openapi-types@^5.2.0":
  version "5.2.0"
  resolved "https://registry.yarnpkg.com/@octokit/openapi-types/-/openapi-types-5.2.0.tgz#54e6ca0bc2cd54cd93f0a64658e893c32a5e69ec"
  integrity sha512-MInMij2VK5o96Ei6qaHjxBglSZWOXQs9dTZfnGX2Xnr2mhA+yk9L/QCH4RcJGISJJCBclLHuY3ytq+iRgDfX7w==

"@octokit/plugin-paginate-rest@^2.6.2":
  version "2.11.0"
  resolved "https://registry.yarnpkg.com/@octokit/plugin-paginate-rest/-/plugin-paginate-rest-2.11.0.tgz#3568c43896a3355f4a0bbb3a64f443b2abdc760d"
  integrity sha512-7L9xQank2G3r1dGqrVPo1z62V5utbykOUzlmNHPz87Pww/JpZQ9KyG5CHtUzgmB4n5iDRKYNK/86A8D98HP0yA==
  dependencies:
    "@octokit/types" "^6.11.0"

"@octokit/plugin-request-log@^1.0.2":
  version "1.0.3"
  resolved "https://registry.yarnpkg.com/@octokit/plugin-request-log/-/plugin-request-log-1.0.3.tgz#70a62be213e1edc04bb8897ee48c311482f9700d"
  integrity sha512-4RFU4li238jMJAzLgAwkBAw+4Loile5haQMQr+uhFq27BmyJXcXSKvoQKqh0agsZEiUlW6iSv3FAgvmGkur7OQ==

"@octokit/plugin-rest-endpoint-methods@4.13.0":
  version "4.13.0"
  resolved "https://registry.yarnpkg.com/@octokit/plugin-rest-endpoint-methods/-/plugin-rest-endpoint-methods-4.13.0.tgz#59a90f59a564d416214ab191c3ffcd641f175e6a"
  integrity sha512-Ofusy7BwHkU7z4TNsVdf7wm5W3KR625KqlQj4AiWPnBvclmZU0Y2bVK8b8Mz8nW7sEX9TJcCdX6KeaincE/cLw==
  dependencies:
    "@octokit/types" "^6.11.0"
    deprecation "^2.3.1"

"@octokit/request-error@^2.0.0":
  version "2.0.2"
  resolved "https://registry.yarnpkg.com/@octokit/request-error/-/request-error-2.0.2.tgz#0e76b83f5d8fdda1db99027ea5f617c2e6ba9ed0"
  integrity sha512-2BrmnvVSV1MXQvEkrb9zwzP0wXFNbPJij922kYBTLIlIafukrGOb+ABBT2+c6wZiuyWDH1K1zmjGQ0toN/wMWw==
  dependencies:
    "@octokit/types" "^5.0.1"
    deprecation "^2.0.0"
    once "^1.4.0"

"@octokit/request@^5.3.0":
  version "5.4.9"
  resolved "https://registry.yarnpkg.com/@octokit/request/-/request-5.4.9.tgz#0a46f11b82351b3416d3157261ad9b1558c43365"
  integrity sha512-CzwVvRyimIM1h2n9pLVYfTDmX9m+KHSgCpqPsY8F1NdEK8IaWqXhSBXsdjOBFZSpEcxNEeg4p0UO9cQ8EnOCLA==
  dependencies:
    "@octokit/endpoint" "^6.0.1"
    "@octokit/request-error" "^2.0.0"
    "@octokit/types" "^5.0.0"
    deprecation "^2.0.0"
    is-plain-object "^5.0.0"
    node-fetch "^2.6.1"
    once "^1.4.0"
    universal-user-agent "^6.0.0"

"@octokit/request@^5.4.12":
  version "5.4.14"
  resolved "https://registry.yarnpkg.com/@octokit/request/-/request-5.4.14.tgz#ec5f96f78333bb2af390afa5ff66f114b063bc96"
  integrity sha512-VkmtacOIQp9daSnBmDI92xNIeLuSRDOIuplp/CJomkvzt7M18NXgG044Cx/LFKLgjKt9T2tZR6AtJayba9GTSA==
  dependencies:
    "@octokit/endpoint" "^6.0.1"
    "@octokit/request-error" "^2.0.0"
    "@octokit/types" "^6.7.1"
    deprecation "^2.0.0"
    is-plain-object "^5.0.0"
    node-fetch "^2.6.1"
    once "^1.4.0"
    universal-user-agent "^6.0.0"

"@octokit/rest@18.3.0":
  version "18.3.0"
  resolved "https://registry.yarnpkg.com/@octokit/rest/-/rest-18.3.0.tgz#c326475a2039ffeaec9a1498ebee14a561aae4e5"
  integrity sha512-R45oBVhnq3HAOGVtC6lHY7LX7TGWqbbcD4KvBHoT4QIjgJzfqKag3m/DUJwLnp8xrokz1spZmspTIXiDeQqJSA==
  dependencies:
    "@octokit/core" "^3.2.3"
    "@octokit/plugin-paginate-rest" "^2.6.2"
    "@octokit/plugin-request-log" "^1.0.2"
    "@octokit/plugin-rest-endpoint-methods" "4.13.0"

"@octokit/types@^5.0.0", "@octokit/types@^5.0.1":
  version "5.5.0"
  resolved "https://registry.yarnpkg.com/@octokit/types/-/types-5.5.0.tgz#e5f06e8db21246ca102aa28444cdb13ae17a139b"
  integrity sha512-UZ1pErDue6bZNjYOotCNveTXArOMZQFG6hKJfOnGnulVCMcVVi7YIIuuR4WfBhjo7zgpmzn/BkPDnUXtNx+PcQ==
  dependencies:
    "@types/node" ">= 8"

"@octokit/types@^6.0.3", "@octokit/types@^6.11.0", "@octokit/types@^6.7.1":
  version "6.11.0"
  resolved "https://registry.yarnpkg.com/@octokit/types/-/types-6.11.0.tgz#830a608882cde659be19a6e86568abaa619e2ee7"
  integrity sha512-RMLAmpPZf/a33EsclBazKg02NCCj4rC69V9sUgf0SuWTjmnBD2QC1nIVtJo7RJrGnwG1+aoFBb2yTrWm/8AS7w==
  dependencies:
    "@octokit/openapi-types" "^5.2.0"

"@sindresorhus/is@^4.0.0":
  version "4.0.0"
  resolved "https://registry.yarnpkg.com/@sindresorhus/is/-/is-4.0.0.tgz#2ff674e9611b45b528896d820d3d7a812de2f0e4"
  integrity sha512-FyD2meJpDPjyNQejSjvnhpgI/azsQkA4lGbuu5BQZfjvJ9cbRZXzeWL2HceCekW4lixO9JPesIIQkSoLjeJHNQ==

"@szmarczak/http-timer@^4.0.5":
  version "4.0.5"
  resolved "https://registry.yarnpkg.com/@szmarczak/http-timer/-/http-timer-4.0.5.tgz#bfbd50211e9dfa51ba07da58a14cdfd333205152"
  integrity sha512-PyRA9sm1Yayuj5OIoJ1hGt2YISX45w9WcFbh6ddT0Z/0yaFxOtGLInr4jUfU1EAFVs0Yfyfev4RNwBlUaHdlDQ==
  dependencies:
    defer-to-connect "^2.0.0"

"@types/cacheable-request@^6.0.1":
  version "6.0.1"
  resolved "https://registry.yarnpkg.com/@types/cacheable-request/-/cacheable-request-6.0.1.tgz#5d22f3dded1fd3a84c0bbeb5039a7419c2c91976"
  integrity sha512-ykFq2zmBGOCbpIXtoVbz4SKY5QriWPh3AjyU4G74RYbtt5yOc5OfaY75ftjg7mikMOla1CTGpX3lLbuJh8DTrQ==
  dependencies:
    "@types/http-cache-semantics" "*"
    "@types/keyv" "*"
    "@types/node" "*"
    "@types/responselike" "*"

"@types/http-cache-semantics@*":
  version "4.0.0"
  resolved "https://registry.yarnpkg.com/@types/http-cache-semantics/-/http-cache-semantics-4.0.0.tgz#9140779736aa2655635ee756e2467d787cfe8a2a"
  integrity sha512-c3Xy026kOF7QOTn00hbIllV1dLR9hG9NkSrLQgCVs8NF6sBU+VGWjD3wLPhmh1TYAc7ugCFsvHYMN4VcBN1U1A==

"@types/keyv@*":
  version "3.1.1"
  resolved "https://registry.yarnpkg.com/@types/keyv/-/keyv-3.1.1.tgz#e45a45324fca9dab716ab1230ee249c9fb52cfa7"
  integrity sha512-MPtoySlAZQ37VoLaPcTHCu1RWJ4llDkULYZIzOYxlhxBqYPB0RsRlmMU0R6tahtFe27mIdkHV+551ZWV4PLmVw==
  dependencies:
    "@types/node" "*"

"@types/node@*":
  version "14.14.5"
  resolved "https://registry.yarnpkg.com/@types/node/-/node-14.14.5.tgz#e92d3b8f76583efa26c1a63a21c9d3c1143daa29"
  integrity sha512-H5Wn24s/ZOukBmDn03nnGTp18A60ny9AmCwnEcgJiTgSGsCO7k+NWP7zjCCbhlcnVCoI+co52dUAt9GMhOSULw==

"@types/node@>= 8":
  version "12.12.5"
  resolved "https://registry.yarnpkg.com/@types/node/-/node-12.12.5.tgz#66103d2eddc543d44a04394abb7be52506d7f290"
  integrity sha512-KEjODidV4XYUlJBF3XdjSH5FWoMCtO0utnhtdLf1AgeuZLOrRbvmU/gaRCVg7ZaQDjVf3l84egiY0mRNe5xE4A==

"@types/responselike@*", "@types/responselike@^1.0.0":
  version "1.0.0"
  resolved "https://registry.yarnpkg.com/@types/responselike/-/responselike-1.0.0.tgz#251f4fe7d154d2bad125abe1b429b23afd262e29"
  integrity sha512-85Y2BjiufFzaMIlvJDvTTB8Fxl2xfLo4HgmHzVBz08w4wDePCTjYw66PdrolO0kzli3yam/YCgRufyo1DdQVTA==
  dependencies:
    "@types/node" "*"

ansi-regex@^5.0.0:
  version "5.0.0"
  resolved "https://registry.yarnpkg.com/ansi-regex/-/ansi-regex-5.0.0.tgz#388539f55179bf39339c81af30a654d69f87cb75"
  integrity sha512-bY6fj56OUQ0hU1KjFNDQuJFezqKdrAyFdIevADiqrWHwSlbmBNMHp5ak2f40Pm8JTFyM2mqxkG6ngkHO11f/lg==

ansi-styles@^4.1.0:
  version "4.3.0"
  resolved "https://registry.yarnpkg.com/ansi-styles/-/ansi-styles-4.3.0.tgz#edd803628ae71c04c85ae7a0906edad34b648937"
  integrity sha512-zbB9rCJAT1rbjiVDb2hqKFHNYLxgtk8NURxZ3IZwD3F6NtxbXZQCnnSi1Lkx+IDohdPlFp222wVALIheZJQSEg==
  dependencies:
    color-convert "^2.0.1"

arg@5.0.0:
  version "5.0.0"
  resolved "https://registry.yarnpkg.com/arg/-/arg-5.0.0.tgz#a20e2bb5710e82950a516b3f933fee5ed478be90"
  integrity sha512-4P8Zm2H+BRS+c/xX1LrHw0qKpEhdlZjLCgWy+d78T9vqa2Z2SiD2wMrYuWIAFy5IZUD7nnNXroRttz+0RzlrzQ==

balanced-match@^1.0.0:
  version "1.0.0"
  resolved "https://registry.yarnpkg.com/balanced-match/-/balanced-match-1.0.0.tgz#89b4d199ab2bee49de164ea02b89ce462d71b767"
  integrity sha1-ibTRmasr7kneFk6gK4nORi1xt2c=

base64-js@^1.3.1:
  version "1.5.1"
  resolved "https://registry.yarnpkg.com/base64-js/-/base64-js-1.5.1.tgz#1b1b440160a5bf7ad40b650f095963481903930a"
  integrity sha512-AKpaYlHn8t4SVbOHCy+b5+KKgvR4vrsD8vbvrbiQJps7fKDTkjkDry6ji0rUJjC0kzbNePLwzxq8iypo41qeWA==

before-after-hook@^2.1.0:
  version "2.1.0"
  resolved "https://registry.yarnpkg.com/before-after-hook/-/before-after-hook-2.1.0.tgz#b6c03487f44e24200dd30ca5e6a1979c5d2fb635"
  integrity sha512-IWIbu7pMqyw3EAJHzzHbWa85b6oud/yfKYg5rqB5hNE8CeMi3nX+2C2sj0HswfblST86hpVEOAb9x34NZd6P7A==

bl@^4.0.3:
  version "4.1.0"
  resolved "https://registry.yarnpkg.com/bl/-/bl-4.1.0.tgz#451535264182bec2fbbc83a62ab98cf11d9f7b3a"
  integrity sha512-1W07cM9gS6DcLperZfFSj+bWLtaPGSOHWhPiGzXmvVJbRLdG82sH/Kn8EtW1VqWVA54AKf2h5k5BbnIbwF3h6w==
  dependencies:
    buffer "^5.5.0"
    inherits "^2.0.4"
    readable-stream "^3.4.0"

brace-expansion@^1.1.7:
  version "1.1.11"
  resolved "https://registry.yarnpkg.com/brace-expansion/-/brace-expansion-1.1.11.tgz#3c7fcbf529d87226f3d2f52b966ff5271eb441dd"
  integrity sha512-iCuPHDFgrHX7H2vEI/5xpz07zSHB00TpugqhmYtVmMO6518mCuRMoOYFldEBl0g187ufozdaHgWKcYFb61qGiA==
  dependencies:
    balanced-match "^1.0.0"
    concat-map "0.0.1"

buffer@^5.5.0:
  version "5.7.1"
  resolved "https://registry.yarnpkg.com/buffer/-/buffer-5.7.1.tgz#ba62e7c13133053582197160851a8f648e99eed0"
  integrity sha512-EHcyIPBQ4BSGlvjB16k5KgAJ27CIsHY/2JBmCRReo48y9rQ3MaUzWX3KVlBa4U7MyX02HdVj0K7C3WaB3ju7FQ==
  dependencies:
    base64-js "^1.3.1"
    ieee754 "^1.1.13"

cacheable-lookup@^5.0.3:
  version "5.0.3"
  resolved "https://registry.yarnpkg.com/cacheable-lookup/-/cacheable-lookup-5.0.3.tgz#049fdc59dffdd4fc285e8f4f82936591bd59fec3"
  integrity sha512-W+JBqF9SWe18A72XFzN/V/CULFzPm7sBXzzR6ekkE+3tLG72wFZrBiBZhrZuDoYexop4PHJVdFAKb/Nj9+tm9w==

cacheable-request@^7.0.1:
  version "7.0.1"
  resolved "https://registry.yarnpkg.com/cacheable-request/-/cacheable-request-7.0.1.tgz#062031c2856232782ed694a257fa35da93942a58"
  integrity sha512-lt0mJ6YAnsrBErpTMWeu5kl/tg9xMAWjavYTN6VQXM1A/teBITuNcccXsCxF0tDQQJf9DfAaX5O4e0zp0KlfZw==
  dependencies:
    clone-response "^1.0.2"
    get-stream "^5.1.0"
    http-cache-semantics "^4.0.0"
    keyv "^4.0.0"
    lowercase-keys "^2.0.0"
    normalize-url "^4.1.0"
    responselike "^2.0.0"

chalk@4.1.0, chalk@^4.0.0, chalk@^4.1.0:
  version "4.1.0"
  resolved "https://registry.yarnpkg.com/chalk/-/chalk-4.1.0.tgz#4e14870a618d9e2edd97dd8345fd9d9dc315646a"
  integrity sha512-qwx12AxXe2Q5xQ43Ac//I6v5aXTipYrSESdOgzrN+9XjgEpyjpKuvSGaN4qE93f7TQTlerQQ8S+EQ0EyDoVL1A==
  dependencies:
    ansi-styles "^4.1.0"
    supports-color "^7.1.0"

chownr@^2.0.0:
  version "2.0.0"
  resolved "https://registry.yarnpkg.com/chownr/-/chownr-2.0.0.tgz#15bfbe53d2eab4cf70f18a8cd68ebe5b3cb1dece"
  integrity sha512-bIomtDF5KGpdogkLd9VspvFzk9KfpyyGlS8YFVZl7TGPBHL5snIOnxeshwVgPteQ9b4Eydl+pVbIyE1DcvCWgQ==

cli-cursor@^3.1.0:
  version "3.1.0"
  resolved "https://registry.yarnpkg.com/cli-cursor/-/cli-cursor-3.1.0.tgz#264305a7ae490d1d03bf0c9ba7c925d1753af307"
  integrity sha512-I/zHAwsKf9FqGoXM4WWRACob9+SNukZTd94DWF57E4toouRulbCxcUh6RKUEOQlYTHJnzkPMySvPNaaSLNfLZw==
  dependencies:
    restore-cursor "^3.1.0"

cli-spinners@^2.5.0:
  version "2.5.0"
  resolved "https://registry.yarnpkg.com/cli-spinners/-/cli-spinners-2.5.0.tgz#12763e47251bf951cb75c201dfa58ff1bcb2d047"
  integrity sha512-PC+AmIuK04E6aeSs/pUccSujsTzBhu4HzC2dL+CfJB/Jcc2qTRbEwZQDfIUpt2Xl8BodYBEq8w4fc0kU2I9DjQ==

clone-response@^1.0.2:
  version "1.0.2"
  resolved "https://registry.yarnpkg.com/clone-response/-/clone-response-1.0.2.tgz#d1dc973920314df67fbeb94223b4ee350239e96b"
  integrity sha1-0dyXOSAxTfZ/vrlCI7TuNQI56Ws=
  dependencies:
    mimic-response "^1.0.0"

clone@^1.0.2:
  version "1.0.4"
  resolved "https://registry.yarnpkg.com/clone/-/clone-1.0.4.tgz#da309cc263df15994c688ca902179ca3c7cd7c7e"
  integrity sha1-2jCcwmPfFZlMaIypAheco8fNfH4=

color-convert@^2.0.1:
  version "2.0.1"
  resolved "https://registry.yarnpkg.com/color-convert/-/color-convert-2.0.1.tgz#72d3a68d598c9bdb3af2ad1e84f21d896abd4de3"
  integrity sha512-RRECPsj7iu/xb5oKYcsFHSppFNnsj/52OVTRKb4zP5onXwVF3zVmmToNcOfGC+CRDpfK/U584fMg38ZHCaElKQ==
  dependencies:
    color-name "~1.1.4"

color-name@~1.1.4:
  version "1.1.4"
  resolved "https://registry.yarnpkg.com/color-name/-/color-name-1.1.4.tgz#c2a09a87acbde69543de6f63fa3995c826c536a2"
  integrity sha512-dOy+3AuW3a2wNbZHIuMZpTcgjGuLU/uBL/ubcZF9OXbDo8ff4O8yVp5Bf0efS8uEoYo5q4Fx7dY9OgQGXgAsQA==

concat-map@0.0.1:
  version "0.0.1"
  resolved "https://registry.yarnpkg.com/concat-map/-/concat-map-0.0.1.tgz#d8a96bd77fd68df7793a73036a3ba0d5405d477b"
  integrity sha1-2Klr13/Wjfd5OnMDajug1UBdR3s=

cross-spawn@^7.0.0:
  version "7.0.1"
  resolved "https://registry.yarnpkg.com/cross-spawn/-/cross-spawn-7.0.1.tgz#0ab56286e0f7c24e153d04cc2aa027e43a9a5d14"
  integrity sha512-u7v4o84SwFpD32Z8IIcPZ6z1/ie24O6RU3RbtL5Y316l3KuHVPx9ItBgWQ6VlfAFnRnTtMUrsQ9MUUTuEZjogg==
  dependencies:
    path-key "^3.1.0"
    shebang-command "^2.0.0"
    which "^2.0.1"

decompress-response@^6.0.0:
  version "6.0.0"
  resolved "https://registry.yarnpkg.com/decompress-response/-/decompress-response-6.0.0.tgz#ca387612ddb7e104bd16d85aab00d5ecf09c66fc"
  integrity sha512-aW35yZM6Bb/4oJlZncMH2LCoZtJXTRxES17vE3hoRiowU2kWHaJKFkSBDnDR+cm9J+9QhXmREyIfv0pji9ejCQ==
  dependencies:
    mimic-response "^3.1.0"

defaults@^1.0.3:
  version "1.0.3"
  resolved "https://registry.yarnpkg.com/defaults/-/defaults-1.0.3.tgz#c656051e9817d9ff08ed881477f3fe4019f3ef7d"
  integrity sha1-xlYFHpgX2f8I7YgUd/P+QBnz730=
  dependencies:
    clone "^1.0.2"

defer-to-connect@^2.0.0:
  version "2.0.0"
  resolved "https://registry.yarnpkg.com/defer-to-connect/-/defer-to-connect-2.0.0.tgz#83d6b199db041593ac84d781b5222308ccf4c2c1"
  integrity sha512-bYL2d05vOSf1JEZNx5vSAtPuBMkX8K9EUutg7zlKvTqKXHt7RhWJFbmd7qakVuf13i+IkGmp6FwSsONOf6VYIg==

deprecation@^2.0.0, deprecation@^2.3.1:
  version "2.3.1"
  resolved "https://registry.yarnpkg.com/deprecation/-/deprecation-2.3.1.tgz#6368cbdb40abf3373b525ac87e4a260c3a700919"
  integrity sha512-xmHIy4F3scKVwMsQ4WnVaS8bHOx0DmVwRywosKhaILI0ywMDWPtBSku2HNxRvF7jtwDRsoEwYQSfbxj8b7RlJQ==

end-of-stream@^1.1.0:
  version "1.4.1"
  resolved "https://registry.yarnpkg.com/end-of-stream/-/end-of-stream-1.4.1.tgz#ed29634d19baba463b6ce6b80a37213eab71ec43"
  integrity sha512-1MkrZNvWTKCaigbn+W15elq2BB/L22nqrSY5DKlo3X6+vclJm8Bb5djXJBmEX6fS3+zCh/F4VBK5Z2KxJt4s2Q==
  dependencies:
    once "^1.4.0"

execa@^4.1.0:
  version "4.1.0"
  resolved "https://registry.yarnpkg.com/execa/-/execa-4.1.0.tgz#4e5491ad1572f2f17a77d388c6c857135b22847a"
  integrity sha512-j5W0//W7f8UxAn8hXVnwG8tLwdiUy4FJLcSupCg6maBYZDpyBvTApK7KyuI4bKj8KOh1r2YH+6ucuYtJv1bTZA==
  dependencies:
    cross-spawn "^7.0.0"
    get-stream "^5.0.0"
    human-signals "^1.1.1"
    is-stream "^2.0.0"
    merge-stream "^2.0.0"
    npm-run-path "^4.0.0"
    onetime "^5.1.0"
    signal-exit "^3.0.2"
    strip-final-newline "^2.0.0"

fs-minipass@^2.0.0:
  version "2.0.0"
  resolved "https://registry.yarnpkg.com/fs-minipass/-/fs-minipass-2.0.0.tgz#a6415edab02fae4b9e9230bc87ee2e4472003cd1"
  integrity sha512-40Qz+LFXmd9tzYVnnBmZvFfvAADfUA14TXPK1s7IfElJTIZ97rA8w4Kin7Wt5JBrC3ShnnFJO/5vPjPEeJIq9A==
  dependencies:
    minipass "^3.0.0"

fs.realpath@^1.0.0:
  version "1.0.0"
  resolved "https://registry.yarnpkg.com/fs.realpath/-/fs.realpath-1.0.0.tgz#1504ad2523158caa40db4a2787cb01411994ea4f"
  integrity sha1-FQStJSMVjKpA20onh8sBQRmU6k8=

get-stream@^5.0.0:
  version "5.1.0"
  resolved "https://registry.yarnpkg.com/get-stream/-/get-stream-5.1.0.tgz#01203cdc92597f9b909067c3e656cc1f4d3c4dc9"
  integrity sha512-EXr1FOzrzTfGeL0gQdeFEvOMm2mzMOglyiOXSTpPC+iAjAKftbr3jpCMWynogwYnM+eSj9sHGc6wjIcDvYiygw==
  dependencies:
    pump "^3.0.0"

get-stream@^5.1.0:
  version "5.2.0"
  resolved "https://registry.yarnpkg.com/get-stream/-/get-stream-5.2.0.tgz#4966a1795ee5ace65e706c4b7beb71257d6e22d3"
  integrity sha512-nBF+F1rAZVCu/p7rjzgA+Yb4lfYXrpl7a6VmJrU8wF9I1CKvP/QwPNZHnOlwbTkY6dvtFIzFMSyQXbLoTQPRpA==
  dependencies:
    pump "^3.0.0"

glob@^7.1.3:
  version "7.1.3"
  resolved "https://registry.yarnpkg.com/glob/-/glob-7.1.3.tgz#3960832d3f1574108342dafd3a67b332c0969df1"
  integrity sha512-vcfuiIxogLV4DlGBHIUOwI0IbrJ8HWPc4MU7HzviGeNho/UJDfi6B5p3sHeWIQ0KGIU0Jpxi5ZHxemQfLkkAwQ==
  dependencies:
    fs.realpath "^1.0.0"
    inflight "^1.0.4"
    inherits "2"
    minimatch "^3.0.4"
    once "^1.3.0"
    path-is-absolute "^1.0.0"

got@11.8.2:
  version "11.8.2"
  resolved "https://registry.yarnpkg.com/got/-/got-11.8.2.tgz#7abb3959ea28c31f3576f1576c1effce23f33599"
  integrity sha512-D0QywKgIe30ODs+fm8wMZiAcZjypcCodPNuMz5H9Mny7RJ+IjJ10BdmGW7OM7fHXP+O7r6ZwapQ/YQmMSvB0UQ==
  dependencies:
    "@sindresorhus/is" "^4.0.0"
    "@szmarczak/http-timer" "^4.0.5"
    "@types/cacheable-request" "^6.0.1"
    "@types/responselike" "^1.0.0"
    cacheable-lookup "^5.0.3"
    cacheable-request "^7.0.1"
    decompress-response "^6.0.0"
    http2-wrapper "^1.0.0-beta.5.2"
    lowercase-keys "^2.0.0"
    p-cancelable "^2.0.0"
    responselike "^2.0.0"

has-flag@^4.0.0:
  version "4.0.0"
  resolved "https://registry.yarnpkg.com/has-flag/-/has-flag-4.0.0.tgz#944771fd9c81c81265c4d6941860da06bb59479b"
  integrity sha512-EykJT/Q1KjTWctppgIAgfSO0tKVuZUjhgMr17kqTumMl6Afv3EISleU7qZUzoXDFTAHTDC4NOoG/ZxU3EvlMPQ==

http-cache-semantics@^4.0.0:
  version "4.0.0"
  resolved "https://registry.yarnpkg.com/http-cache-semantics/-/http-cache-semantics-4.0.0.tgz#2d0069a73c36c80e3297bc3a0cadd669b78a69ce"
  integrity sha512-NtexGRtaV5z3ZUX78W9UDTOJPBdpqms6RmwQXmOhHws7CuQK3cqIoQtnmeqi1VvVD6u6eMMRL0sKE9BCZXTDWQ==

http2-wrapper@^1.0.0-beta.5.2:
  version "1.0.0-beta.5.2"
  resolved "https://registry.yarnpkg.com/http2-wrapper/-/http2-wrapper-1.0.0-beta.5.2.tgz#8b923deb90144aea65cf834b016a340fc98556f3"
  integrity sha512-xYz9goEyBnC8XwXDTuC/MZ6t+MrKVQZOk4s7+PaDkwIsQd8IwqvM+0M6bA/2lvG8GHXcPdf+MejTUeO2LCPCeQ==
  dependencies:
    quick-lru "^5.1.1"
    resolve-alpn "^1.0.0"

human-signals@^1.1.1:
  version "1.1.1"
  resolved "https://registry.yarnpkg.com/human-signals/-/human-signals-1.1.1.tgz#c5b1cd14f50aeae09ab6c59fe63ba3395fe4dfa3"
  integrity sha512-SEQu7vl8KjNL2eoGBLF3+wAjpsNfA9XMlXAYj/3EdaNfAlxKthD1xjEQfGOUhllCGGJVNY34bRr6lPINhNjyZw==

ieee754@^1.1.13:
  version "1.2.1"
  resolved "https://registry.yarnpkg.com/ieee754/-/ieee754-1.2.1.tgz#8eb7a10a63fff25d15a57b001586d177d1b0d352"
  integrity sha512-dcyqhDvX1C46lXZcVqCpK+FtMRQVdIMN6/Df5js2zouUsqG7I6sFxitIC+7KYK29KdXOLHdu9zL4sFnoVQnqaA==

inflight@^1.0.4:
  version "1.0.6"
  resolved "https://registry.yarnpkg.com/inflight/-/inflight-1.0.6.tgz#49bd6331d7d02d0c09bc910a1075ba8165b56df9"
  integrity sha1-Sb1jMdfQLQwJvJEKEHW6gWW1bfk=
  dependencies:
    once "^1.3.0"
    wrappy "1"

inherits@2:
  version "2.0.3"
  resolved "https://registry.yarnpkg.com/inherits/-/inherits-2.0.3.tgz#633c2c83e3da42a502f52466022480f4208261de"
  integrity sha1-Yzwsg+PaQqUC9SRmAiSA9CCCYd4=

inherits@^2.0.3, inherits@^2.0.4:
  version "2.0.4"
  resolved "https://registry.yarnpkg.com/inherits/-/inherits-2.0.4.tgz#0fa2c64f932917c3433a0ded55363aae37416b7c"
  integrity sha512-k/vGaX4/Yla3WzyMCvTQOXYeIHvqOKtnqBduzTHpzpQZzAskKMhZ2K+EnBiSM9zGSoIFeMpXKxa4dYeZIQqewQ==

is-interactive@^1.0.0:
  version "1.0.0"
  resolved "https://registry.yarnpkg.com/is-interactive/-/is-interactive-1.0.0.tgz#cea6e6ae5c870a7b0a0004070b7b587e0252912e"
  integrity sha512-2HvIEKRoqS62guEC+qBjpvRubdX910WCMuJTZ+I9yvqKU2/12eSL549HMwtabb4oupdj2sMP50k+XJfB/8JE6w==

is-plain-object@^5.0.0:
  version "5.0.0"
  resolved "https://registry.yarnpkg.com/is-plain-object/-/is-plain-object-5.0.0.tgz#4427f50ab3429e9025ea7d52e9043a9ef4159344"
  integrity sha512-VRSzKkbMm5jMDoKLbltAkFQ5Qr7VDiTFGXxYFXXowVj387GeGNOCsOH6Msy00SGZ3Fp84b1Naa1psqgcCIEP5Q==

is-stream@^2.0.0:
  version "2.0.0"
  resolved "https://registry.yarnpkg.com/is-stream/-/is-stream-2.0.0.tgz#bde9c32680d6fae04129d6ac9d921ce7815f78e3"
  integrity sha512-XCoy+WlUr7d1+Z8GgSuXmpuUFC9fOhRXglJMx+dwLKTkL44Cjd4W1Z5P+BQZpr+cR93aGP4S/s7Ftw6Nd/kiEw==

isexe@^2.0.0:
  version "2.0.0"
  resolved "https://registry.yarnpkg.com/isexe/-/isexe-2.0.0.tgz#e8fbf374dc556ff8947a10dcb0572d633f2cfa10"
  integrity sha1-6PvzdNxVb/iUehDcsFctYz8s+hA=

json-buffer@3.0.1:
  version "3.0.1"
  resolved "https://registry.yarnpkg.com/json-buffer/-/json-buffer-3.0.1.tgz#9338802a30d3b6605fbe0613e094008ca8c05a13"
  integrity sha512-4bV5BfR2mqfQTJm+V5tPPdf+ZpuhiIvTuAB5g8kcrXOZpTT/QwwVRWBywX1ozr6lEuPdbHxwaJlm9G6mI2sfSQ==

keyv@^4.0.0:
  version "4.0.3"
  resolved "https://registry.yarnpkg.com/keyv/-/keyv-4.0.3.tgz#4f3aa98de254803cafcd2896734108daa35e4254"
  integrity sha512-zdGa2TOpSZPq5mU6iowDARnMBZgtCqJ11dJROFi6tg6kTn4nuUdU09lFyLFSaHrWqpIJ+EBq4E8/Dc0Vx5vLdA==
  dependencies:
    json-buffer "3.0.1"

log-symbols@^4.0.0:
  version "4.0.0"
  resolved "https://registry.yarnpkg.com/log-symbols/-/log-symbols-4.0.0.tgz#69b3cc46d20f448eccdb75ea1fa733d9e821c920"
  integrity sha512-FN8JBzLx6CzeMrB0tg6pqlGU1wCrXW+ZXGH481kfsBqer0hToTIiHdjH4Mq8xJUbvATujKCvaREGWpGUionraA==
  dependencies:
    chalk "^4.0.0"

lowercase-keys@^2.0.0:
  version "2.0.0"
  resolved "https://registry.yarnpkg.com/lowercase-keys/-/lowercase-keys-2.0.0.tgz#2603e78b7b4b0006cbca2fbcc8a3202558ac9479"
  integrity sha512-tqNXrS78oMOE73NMxK4EMLQsQowWf8jKooH9g7xPavRT706R6bkQJ6DY2Te7QukaZsulxa30wQ7bk0pm4XiHmA==

make-dir@3.1.0:
  version "3.1.0"
  resolved "https://registry.yarnpkg.com/make-dir/-/make-dir-3.1.0.tgz#415e967046b3a7f1d185277d84aa58203726a13f"
  integrity sha512-g3FeP20LNwhALb/6Cz6Dd4F2ngze0jz7tbzrD2wAV+o9FeNHe4rL+yK2md0J/fiSf1sa1ADhXqi5+oVwOM/eGw==
  dependencies:
    semver "^6.0.0"

merge-stream@^2.0.0:
  version "2.0.0"
  resolved "https://registry.yarnpkg.com/merge-stream/-/merge-stream-2.0.0.tgz#52823629a14dd00c9770fb6ad47dc6310f2c1f60"
  integrity sha512-abv/qOcuPfk3URPfDzmZU1LKmuw8kT+0nIHvKrKgFrwifol/doWcdA4ZqsWQ8ENrFKkd67Mfpo/LovbIUsbt3w==

mimic-fn@^2.1.0:
  version "2.1.0"
  resolved "https://registry.yarnpkg.com/mimic-fn/-/mimic-fn-2.1.0.tgz#7ed2c2ccccaf84d3ffcb7a69b57711fc2083401b"
  integrity sha512-OqbOk5oEQeAZ8WXWydlu9HJjz9WVdEIvamMCcXmuqUYjTknH/sqsWvhQ3vgwKFRR1HpjvNBKQ37nbJgYzGqGcg==

mimic-response@^1.0.0:
  version "1.0.1"
  resolved "https://registry.yarnpkg.com/mimic-response/-/mimic-response-1.0.1.tgz#4923538878eef42063cb8a3e3b0798781487ab1b"
  integrity sha512-j5EctnkH7amfV/q5Hgmoal1g2QHFJRraOtmx0JpIqkxhBhI/lJSl1nMpQ45hVarwNETOoWEimndZ4QK0RHxuxQ==

mimic-response@^3.1.0:
  version "3.1.0"
  resolved "https://registry.yarnpkg.com/mimic-response/-/mimic-response-3.1.0.tgz#2d1d59af9c1b129815accc2c46a022a5ce1fa3c9"
  integrity sha512-z0yWI+4FDrrweS8Zmt4Ej5HdJmky15+L2e6Wgn3+iK5fWzb6T3fhNFq2+MeTRb064c6Wr4N/wv0DzQTjNzHNGQ==

minimatch@^3.0.4:
  version "3.0.4"
  resolved "https://registry.yarnpkg.com/minimatch/-/minimatch-3.0.4.tgz#5166e286457f03306064be5497e8dbb0c3d32083"
  integrity sha512-yJHVQEhyqPLUTgt9B83PXu6W3rx4MvvHvSUvToogpwoGDOUQ+yDrR0HRot+yOCdCO7u4hX3pWft6kWBBcqh0UA==
  dependencies:
    brace-expansion "^1.1.7"

minipass@^3.0.0:
  version "3.1.1"
  resolved "https://registry.yarnpkg.com/minipass/-/minipass-3.1.1.tgz#7607ce778472a185ad6d89082aa2070f79cedcd5"
  integrity sha512-UFqVihv6PQgwj8/yTGvl9kPz7xIAY+R5z6XYjRInD3Gk3qx6QGSD6zEcpeG4Dy/lQnv1J6zv8ejV90hyYIKf3w==
  dependencies:
    yallist "^4.0.0"

minizlib@^2.1.1:
  version "2.1.2"
  resolved "https://registry.yarnpkg.com/minizlib/-/minizlib-2.1.2.tgz#e90d3466ba209b932451508a11ce3d3632145931"
  integrity sha512-bAxsR8BVfj60DWXHE3u30oHzfl4G7khkSuPW+qvpd7jFRHm7dLxOjUk1EHACJ/hxLY8phGJ0YhYHZo7jil7Qdg==
  dependencies:
    minipass "^3.0.0"
    yallist "^4.0.0"

mkdirp@^1.0.3:
  version "1.0.4"
  resolved "https://registry.yarnpkg.com/mkdirp/-/mkdirp-1.0.4.tgz#3eb5ed62622756d79a5f0e2a221dfebad75c2f7e"
  integrity sha512-vVqVZQyf3WLx2Shd0qJ9xuvqgAyKPLAiqITEtqW0oIUjzo3PePDd6fW9iFz30ef7Ysp/oiWqbhszeGWW2T6Gzw==

node-fetch@^2.6.1:
  version "2.6.1"
  resolved "https://registry.yarnpkg.com/node-fetch/-/node-fetch-2.6.1.tgz#045bd323631f76ed2e2b55573394416b639a0052"
  integrity sha512-V4aYg89jEoVRxRb2fJdAg8FHvI7cEyYdVAh94HH0UIK8oJxUfkjlDQN9RbMx+bEjP7+ggMiFRprSti032Oipxw==

normalize-url@^4.1.0:
  version "4.5.0"
  resolved "https://registry.yarnpkg.com/normalize-url/-/normalize-url-4.5.0.tgz#453354087e6ca96957bd8f5baf753f5982142129"
  integrity sha512-2s47yzUxdexf1OhyRi4Em83iQk0aPvwTddtFz4hnSSw9dCEsLEGf6SwIO8ss/19S9iBb5sJaOuTvTGDeZI00BQ==

npm-run-path@^4.0.0:
  version "4.0.0"
  resolved "https://registry.yarnpkg.com/npm-run-path/-/npm-run-path-4.0.0.tgz#d644ec1bd0569187d2a52909971023a0a58e8438"
  integrity sha512-8eyAOAH+bYXFPSnNnKr3J+yoybe8O87Is5rtAQ8qRczJz1ajcsjg8l2oZqP+Ppx15Ii3S1vUTjQN2h4YO2tWWQ==
  dependencies:
    path-key "^3.0.0"

once@^1.3.0, once@^1.3.1, once@^1.4.0:
  version "1.4.0"
  resolved "https://registry.yarnpkg.com/once/-/once-1.4.0.tgz#583b1aa775961d4b113ac17d9c50baef9dd76bd1"
  integrity sha1-WDsap3WWHUsROsF9nFC6753Xa9E=
  dependencies:
    wrappy "1"

onetime@^5.1.0:
  version "5.1.0"
  resolved "https://registry.yarnpkg.com/onetime/-/onetime-5.1.0.tgz#fff0f3c91617fe62bb50189636e99ac8a6df7be5"
  integrity sha512-5NcSkPHhwTVFIQN+TUqXoS5+dlElHXdpAWu9I0HP20YOtIi+aZ0Ct82jdlILDxjLEAWwvm+qj1m6aEtsDVmm6Q==
  dependencies:
    mimic-fn "^2.1.0"

ora@5.3.0:
  version "5.3.0"
  resolved "https://registry.yarnpkg.com/ora/-/ora-5.3.0.tgz#fb832899d3a1372fe71c8b2c534bbfe74961bb6f"
  integrity sha512-zAKMgGXUim0Jyd6CXK9lraBnD3H5yPGBPPOkC23a2BG6hsm4Zu6OQSjQuEtV0BHDf4aKHcUFvJiGRrFuW3MG8g==
  dependencies:
    bl "^4.0.3"
    chalk "^4.1.0"
    cli-cursor "^3.1.0"
    cli-spinners "^2.5.0"
    is-interactive "^1.0.0"
    log-symbols "^4.0.0"
    strip-ansi "^6.0.0"
    wcwidth "^1.0.1"

p-cancelable@^2.0.0:
  version "2.0.0"
  resolved "https://registry.yarnpkg.com/p-cancelable/-/p-cancelable-2.0.0.tgz#4a3740f5bdaf5ed5d7c3e34882c6fb5d6b266a6e"
  integrity sha512-wvPXDmbMmu2ksjkB4Z3nZWTSkJEb9lqVdMaCKpZUGJG9TMiNp9XcbG3fn9fPKjem04fJMJnXoyFPk2FmgiaiNg==

path-is-absolute@^1.0.0:
  version "1.0.1"
  resolved "https://registry.yarnpkg.com/path-is-absolute/-/path-is-absolute-1.0.1.tgz#174b9268735534ffbc7ace6bf53a5a9e1b5c5f5f"
  integrity sha1-F0uSaHNVNP+8es5r9TpanhtcX18=

path-key@^3.0.0, path-key@^3.1.0:
  version "3.1.0"
  resolved "https://registry.yarnpkg.com/path-key/-/path-key-3.1.0.tgz#99a10d870a803bdd5ee6f0470e58dfcd2f9a54d3"
  integrity sha512-8cChqz0RP6SHJkMt48FW0A7+qUOn+OsnOsVtzI59tZ8m+5bCSk7hzwET0pulwOM2YMn9J1efb07KB9l9f30SGg==

pump@^3.0.0:
  version "3.0.0"
  resolved "https://registry.yarnpkg.com/pump/-/pump-3.0.0.tgz#b4a2116815bde2f4e1ea602354e8c75565107a64"
  integrity sha512-LwZy+p3SFs1Pytd/jYct4wpv49HiYCqd9Rlc5ZVdk0V+8Yzv6jR5Blk3TRmPL1ft69TxP0IMZGJ+WPFU2BFhww==
  dependencies:
    end-of-stream "^1.1.0"
    once "^1.3.1"

quick-lru@^5.1.1:
  version "5.1.1"
  resolved "https://registry.yarnpkg.com/quick-lru/-/quick-lru-5.1.1.tgz#366493e6b3e42a3a6885e2e99d18f80fb7a8c932"
  integrity sha512-WuyALRjWPDGtt/wzJiadO5AXY+8hZ80hVpe6MyivgraREW751X3SbhRvG3eLKOYN+8VEvqLcf3wdnt44Z4S4SA==

readable-stream@^3.4.0:
  version "3.6.0"
  resolved "https://registry.yarnpkg.com/readable-stream/-/readable-stream-3.6.0.tgz#337bbda3adc0706bd3e024426a286d4b4b2c9198"
  integrity sha512-BViHy7LKeTz4oNnkcLJ+lVSL6vpiFeX6/d3oSH8zCW7UxP2onchk+vTGB143xuFjHS3deTgkKoXXymXqymiIdA==
  dependencies:
    inherits "^2.0.3"
    string_decoder "^1.1.1"
    util-deprecate "^1.0.1"

resolve-alpn@^1.0.0:
  version "1.0.0"
  resolved "https://registry.yarnpkg.com/resolve-alpn/-/resolve-alpn-1.0.0.tgz#745ad60b3d6aff4b4a48e01b8c0bdc70959e0e8c"
  integrity sha512-rTuiIEqFmGxne4IovivKSDzld2lWW9QCjqv80SYjPgf+gS35eaCAjaP54CCwGAwBtnCsvNLYtqxe1Nw+i6JEmA==

responselike@^2.0.0:
  version "2.0.0"
  resolved "https://registry.yarnpkg.com/responselike/-/responselike-2.0.0.tgz#26391bcc3174f750f9a79eacc40a12a5c42d7723"
  integrity sha512-xH48u3FTB9VsZw7R+vvgaKeLKzT6jOogbQhEe/jewwnZgzPcnyWui2Av6JpoYZF/91uueC+lqhWqeURw5/qhCw==
  dependencies:
    lowercase-keys "^2.0.0"

restore-cursor@^3.1.0:
  version "3.1.0"
  resolved "https://registry.yarnpkg.com/restore-cursor/-/restore-cursor-3.1.0.tgz#39f67c54b3a7a58cea5236d95cf0034239631f7e"
  integrity sha512-l+sSefzHpj5qimhFSE5a8nufZYAM3sBSVMAPtYkmC+4EH2anSGaEMXSD0izRQbu9nfyQ9y5JrVmp7E8oZrUjvA==
  dependencies:
    onetime "^5.1.0"
    signal-exit "^3.0.2"

rimraf@^3.0.2:
  version "3.0.2"
  resolved "https://registry.yarnpkg.com/rimraf/-/rimraf-3.0.2.tgz#f1a5402ba6220ad52cc1282bac1ae3aa49fd061a"
  integrity sha512-JZkJMZkAGFFPP2YqXZXPbMlMBgsxzE8ILs4lMIX/2o0L9UBw9O/Y3o6wFw/i9YLapcUJWwqbi3kdxIPdC62TIA==
  dependencies:
    glob "^7.1.3"

safe-buffer@~5.2.0:
  version "5.2.1"
  resolved "https://registry.yarnpkg.com/safe-buffer/-/safe-buffer-5.2.1.tgz#1eaf9fa9bdb1fdd4ec75f58f9cdb4e6b7827eec6"
  integrity sha512-rp3So07KcdmmKbGvgaNxQSJr7bGVSVk5S9Eq1F+ppbRo70+YeaDxkw5Dd8NPN+GD6bjnYm2VuPuCXmpuYvmCXQ==

semver@^6.0.0:
  version "6.0.0"
  resolved "https://registry.yarnpkg.com/semver/-/semver-6.0.0.tgz#05e359ee571e5ad7ed641a6eec1e547ba52dea65"
  integrity sha512-0UewU+9rFapKFnlbirLi3byoOuhrSsli/z/ihNnvM24vgF+8sNBiI1LZPBSH9wJKUwaUbw+s3hToDLCXkrghrQ==

shebang-command@^2.0.0:
  version "2.0.0"
  resolved "https://registry.yarnpkg.com/shebang-command/-/shebang-command-2.0.0.tgz#ccd0af4f8835fbdc265b82461aaf0c36663f34ea"
  integrity sha512-kHxr2zZpYtdmrN1qDjrrX/Z1rR1kG8Dx+gkpK1G4eXmvXswmcE1hTWBWYUzlraYw1/yZp6YuDY77YtvbN0dmDA==
  dependencies:
    shebang-regex "^3.0.0"

shebang-regex@^3.0.0:
  version "3.0.0"
  resolved "https://registry.yarnpkg.com/shebang-regex/-/shebang-regex-3.0.0.tgz#ae16f1644d873ecad843b0307b143362d4c42172"
  integrity sha512-7++dFhtcx3353uBaq8DDR4NuxBetBzC7ZQOhmTQInHEd6bSrXdiEyzCvG07Z44UYdLShWUyXt5M/yhz8ekcb1A==

signal-exit@^3.0.2:
  version "3.0.2"
  resolved "https://registry.yarnpkg.com/signal-exit/-/signal-exit-3.0.2.tgz#b5fdc08f1287ea1178628e415e25132b73646c6d"
  integrity sha1-tf3AjxKH6hF4Yo5BXiUTK3NkbG0=

string_decoder@^1.1.1:
  version "1.3.0"
  resolved "https://registry.yarnpkg.com/string_decoder/-/string_decoder-1.3.0.tgz#42f114594a46cf1a8e30b0a84f56c78c3edac21e"
  integrity sha512-hkRX8U1WjJFd8LsDJ2yQ/wWWxaopEsABU1XfkM8A+j0+85JAGppt16cr1Whg6KIbb4okU6Mql6BOj+uup/wKeA==
  dependencies:
    safe-buffer "~5.2.0"

strip-ansi@^6.0.0:
  version "6.0.0"
  resolved "https://registry.yarnpkg.com/strip-ansi/-/strip-ansi-6.0.0.tgz#0b1571dd7669ccd4f3e06e14ef1eed26225ae532"
  integrity sha512-AuvKTrTfQNYNIctbR1K/YGTR1756GycPsg7b9bdV9Duqur4gv6aKqHXah67Z8ImS7WEz5QVcOtlfW2rZEugt6w==
  dependencies:
    ansi-regex "^5.0.0"

strip-final-newline@^2.0.0:
  version "2.0.0"
  resolved "https://registry.yarnpkg.com/strip-final-newline/-/strip-final-newline-2.0.0.tgz#89b852fb2fcbe936f6f4b3187afb0a12c1ab58ad"
  integrity sha512-BrpvfNAE3dcvq7ll3xVumzjKjZQ5tI1sEUIKr3Uoks0XUl45St3FlatVqef9prk4jRDzhW6WZg+3bk93y6pLjA==

supports-color@^7.1.0:
  version "7.2.0"
  resolved "https://registry.yarnpkg.com/supports-color/-/supports-color-7.2.0.tgz#1b7dcdcb32b8138801b3e478ba6a51caa89648da"
  integrity sha512-qpCAvRl9stuOHveKsn7HncJRvv501qIacKzQlO/+Lwxc9+0q2wLyv4Dfvt80/DPn2pqOBsJdDiogXGR9+OvwRw==
  dependencies:
    has-flag "^4.0.0"

tar@6.1.0:
  version "6.1.0"
  resolved "https://registry.yarnpkg.com/tar/-/tar-6.1.0.tgz#d1724e9bcc04b977b18d5c573b333a2207229a83"
  integrity sha512-DUCttfhsnLCjwoDoFcI+B2iJgYa93vBnDUATYEeRx6sntCTdN01VnqsIuTlALXla/LWooNg0yEGeB+Y8WdFxGA==
  dependencies:
    chownr "^2.0.0"
    fs-minipass "^2.0.0"
    minipass "^3.0.0"
    minizlib "^2.1.1"
    mkdirp "^1.0.3"
    yallist "^4.0.0"

universal-user-agent@^6.0.0:
  version "6.0.0"
  resolved "https://registry.yarnpkg.com/universal-user-agent/-/universal-user-agent-6.0.0.tgz#3381f8503b251c0d9cd21bc1de939ec9df5480ee"
  integrity sha512-isyNax3wXoKaulPDZWHQqbmIx1k2tb9fb3GGDBRxCscfYV2Ch7WxPArBsFEG8s/safwXTT7H4QGhaIkTp9447w==

util-deprecate@^1.0.1:
  version "1.0.2"
  resolved "https://registry.yarnpkg.com/util-deprecate/-/util-deprecate-1.0.2.tgz#450d4dc9fa70de732762fbd2d4a28981419a0ccf"
  integrity sha1-RQ1Nyfpw3nMnYvvS1KKJgUGaDM8=

wcwidth@^1.0.1:
  version "1.0.1"
  resolved "https://registry.yarnpkg.com/wcwidth/-/wcwidth-1.0.1.tgz#f0b0dcf915bc5ff1528afadb2c0e17b532da2fe8"
  integrity sha1-8LDc+RW8X/FSivrbLA4XtTLaL+g=
  dependencies:
    defaults "^1.0.3"

which@^2.0.1:
  version "2.0.1"
  resolved "https://registry.yarnpkg.com/which/-/which-2.0.1.tgz#f1cf94d07a8e571b6ff006aeb91d0300c47ef0a4"
  integrity sha512-N7GBZOTswtB9lkQBZA4+zAXrjEIWAUOB93AvzUiudRzRxhUdLURQ7D/gAIMY1gatT/LTbmbcv8SiYazy3eYB7w==
  dependencies:
    isexe "^2.0.0"

wrappy@1:
  version "1.0.2"
  resolved "https://registry.yarnpkg.com/wrappy/-/wrappy-1.0.2.tgz#b5243d8f3ec1aa35f1364605bc0d1036e30ab69f"
  integrity sha1-tSQ9jz7BqjXxNkYFvA0QNuMKtp8=

yallist@^4.0.0:
  version "4.0.0"
  resolved "https://registry.yarnpkg.com/yallist/-/yallist-4.0.0.tgz#9bb92790d9c0effec63be73519e11a35019a3a72"
  integrity sha512-3wdGidZyq5PB084XLES5TpOSRA3wjXAlIWMhum2kRcv/41Sn2emQ0dycQW4uZXLejwKvg6EsvbdlVL+FYEct7A==
